
Microsoft Visual Studio Solution File, Format Version 12.00
# Visual Studio 14
VisualStudioVersion = 14.0.25420.1
MinimumVisualStudioVersion = 10.0.40219.1
Project("{FAE04EC0-301F-11D3-BF4B-00C04F79EFBC}") = "Routing", "Routing\Routing.csproj", "{14DCD225-52B7-4B3F-9F04-F6530D33F365}"
EndProject
Project("{FAE04EC0-301F-11D3-BF4B-00C04F79EFBC}") = "Controllers", "Controllers\Controllers.csproj", "{D8AC45B3-221D-4052-A356-65EEC1AADAC9}"
EndProject
Global
	GlobalSection(SolutionConfigurationPlatforms) = preSolution
		Debug|Any CPU = Debug|Any CPU
		Release|Any CPU = Release|Any CPU
	EndGlobalSection
	GlobalSection(ProjectConfigurationPlatforms) = postSolution
		{14DCD225-52B7-4B3F-9F04-F6530D33F365}.Debug|Any CPU.ActiveCfg = Debug|Any CPU
		{14DCD225-52B7-4B3F-9F04-F6530D33F365}.Debug|Any CPU.Build.0 = Debug|Any CPU
		{14DCD225-52B7-4B3F-9F04-F6530D33F365}.Release|Any CPU.ActiveCfg = Release|Any CPU
		{14DCD225-52B7-4B3F-9F04-F6530D33F365}.Release|Any CPU.Build.0 = Release|Any CPU
		{D8AC45B3-221D-4052-A356-65EEC1AADAC9}.Debug|Any CPU.ActiveCfg = Debug|Any CPU
		{D8AC45B3-221D-4052-A356-65EEC1AADAC9}.Debug|Any CPU.Build.0 = Debug|Any CPU
		{D8AC45B3-221D-4052-A356-65EEC1AADAC9}.Release|Any CPU.ActiveCfg = Release|Any CPU
		{D8AC45B3-221D-4052-A356-65EEC1AADAC9}.Release|Any CPU.Build.0 = Release|Any CPU
	EndGlobalSection
	GlobalSection(SolutionProperties) = preSolution
		HideSolutionNode = FALSE
	EndGlobalSection
EndGlobal
